
Microsoft Visual Studio Solution File, Format Version 11.00
# Visual Studio 2010
Project("{FAE04EC0-301F-11D3-BF4B-00C04F79EFBC}") = "Assembly-CSharp", "Assembly-CSharp.csproj", "{D417873D-5FBA-34FF-3213-18AF5F9073A7}"
EndProject
Project("{FAE04EC0-301F-11D3-BF4B-00C04F79EFBC}") = "Assembly-CSharp-Editor", "Assembly-CSharp-Editor.csproj", "{AEE5302B-C9D2-5B8F-7552-C8CEBF48023F}"
EndProject
Global
	GlobalSection(SolutionConfigurationPlatforms) = preSolution
		Debug|Any CPU = Debug|Any CPU
		Release|Any CPU = Release|Any CPU
	EndGlobalSection
	GlobalSection(ProjectConfigurationPlatforms) = postSolution
		{D417873D-5FBA-34FF-3213-18AF5F9073A7}.Debug|Any CPU.ActiveCfg = Debug|Any CPU
		{D417873D-5FBA-34FF-3213-18AF5F9073A7}.Debug|Any CPU.Build.0 = Debug|Any CPU
		{D417873D-5FBA-34FF-3213-18AF5F9073A7}.Release|Any CPU.ActiveCfg = Release|Any CPU
		{D417873D-5FBA-34FF-3213-18AF5F9073A7}.Release|Any CPU.Build.0 = Release|Any CPU
		{AEE5302B-C9D2-5B8F-7552-C8CEBF48023F}.Debug|Any CPU.ActiveCfg = Debug|Any CPU
		{AEE5302B-C9D2-5B8F-7552-C8CEBF48023F}.Debug|Any CPU.Build.0 = Debug|Any CPU
		{AEE5302B-C9D2-5B8F-7552-C8CEBF48023F}.Release|Any CPU.ActiveCfg = Release|Any CPU
		{AEE5302B-C9D2-5B8F-7552-C8CEBF48023F}.Release|Any CPU.Build.0 = Release|Any CPU
	EndGlobalSection
	GlobalSection(SolutionProperties) = preSolution
		HideSolutionNode = FALSE
	EndGlobalSection
	GlobalSection(MonoDevelopProperties) = preSolution
		StartupItem = Assembly-CSharp.csproj
	EndGlobalSection
EndGlobal
